
Microsoft Visual Studio Solution File, Format Version 12.00
# Visual Studio Version 17
VisualStudioVersion = 17.2.32616.157
MinimumVisualStudioVersion = 10.0.40219.1
Project("{9A19103F-16F7-4668-BE54-9A1E7A4F7556}") = "Data", "Data\Data.csproj", "{3DA196C9-278D-499B-8284-0076D46CE6C7}"
EndProject
Project("{9A19103F-16F7-4668-BE54-9A1E7A4F7556}") = "Logic", "Logic\Logic.csproj", "{C58D80FD-3606-4A52-B8D5-47118097FEB0}"
EndProject
Project("{9A19103F-16F7-4668-BE54-9A1E7A4F7556}") = "ViewModel", "ViewModel\ViewModel.csproj", "{0F3AEE0D-C64C-4344-BAE6-BE1EF47C1ED5}"
EndProject
Project("{9A19103F-16F7-4668-BE54-9A1E7A4F7556}") = "Model", "Model\Model.csproj", "{297BF64D-C164-4D7C-ACCC-1C20EA3C668D}"
EndProject
Project("{9A19103F-16F7-4668-BE54-9A1E7A4F7556}") = "DataTest", "DataTest\DataTest.csproj", "{D5C8A2F5-7F5D-4D7F-80F1-FB7CDAEF7E6D}"
EndProject
Project("{2150E333-8FDC-42A3-9474-1A3956D46DE8}") = "Elementy rozwiązania", "Elementy rozwiązania", "{E81CD380-93E1-4239-8D98-5865E6E55F32}"
	ProjectSection(SolutionItems) = preProject
		README.md = README.md
	EndProjectSection
EndProject
Project("{9A19103F-16F7-4668-BE54-9A1E7A4F7556}") = "LogicTest", "LogicTest\LogicTest.csproj", "{7779024B-A663-45EF-91B0-5029B4D06C84}"
EndProject
Project("{9A19103F-16F7-4668-BE54-9A1E7A4F7556}") = "View", "View\View.csproj", "{85B03BE3-7BC9-4CE2-A403-DD64F8F115DF}"
EndProject
Project("{FAE04EC0-301F-11D3-BF4B-00C04F79EFBC}") = "DataServer", "DataServer\DataServer.csproj", "{02B5EB6C-11F4-4A26-95BA-060E25FAA8B0}"
EndProject
Project("{FAE04EC0-301F-11D3-BF4B-00C04F79EFBC}") = "LogicServer", "LogicServer\LogicServer.csproj", "{1D45372F-A760-43CA-8E6F-6621E4FE2F01}"
EndProject
Project("{FAE04EC0-301F-11D3-BF4B-00C04F79EFBC}") = "DataServerTest", "DataServerTest\DataServerTest.csproj", "{8F83130A-B545-41EC-92B2-5379E6F1C233}"
EndProject
Project("{FAE04EC0-301F-11D3-BF4B-00C04F79EFBC}") = "LogicServerTest", "LogicServerTest\LogicServerTest.csproj", "{0E366548-FC40-40A3-906D-16EC7E9453FB}"
EndProject
Global
	GlobalSection(SolutionConfigurationPlatforms) = preSolution
		Debug|Any CPU = Debug|Any CPU
		Release|Any CPU = Release|Any CPU
	EndGlobalSection
	GlobalSection(ProjectConfigurationPlatforms) = postSolution
		{3DA196C9-278D-499B-8284-0076D46CE6C7}.Debug|Any CPU.ActiveCfg = Debug|Any CPU
		{3DA196C9-278D-499B-8284-0076D46CE6C7}.Debug|Any CPU.Build.0 = Debug|Any CPU
		{3DA196C9-278D-499B-8284-0076D46CE6C7}.Release|Any CPU.ActiveCfg = Release|Any CPU
		{3DA196C9-278D-499B-8284-0076D46CE6C7}.Release|Any CPU.Build.0 = Release|Any CPU
		{C58D80FD-3606-4A52-B8D5-47118097FEB0}.Debug|Any CPU.ActiveCfg = Debug|Any CPU
		{C58D80FD-3606-4A52-B8D5-47118097FEB0}.Debug|Any CPU.Build.0 = Debug|Any CPU
		{C58D80FD-3606-4A52-B8D5-47118097FEB0}.Release|Any CPU.ActiveCfg = Release|Any CPU
		{C58D80FD-3606-4A52-B8D5-47118097FEB0}.Release|Any CPU.Build.0 = Release|Any CPU
		{0F3AEE0D-C64C-4344-BAE6-BE1EF47C1ED5}.Debug|Any CPU.ActiveCfg = Debug|Any CPU
		{0F3AEE0D-C64C-4344-BAE6-BE1EF47C1ED5}.Debug|Any CPU.Build.0 = Debug|Any CPU
		{0F3AEE0D-C64C-4344-BAE6-BE1EF47C1ED5}.Release|Any CPU.ActiveCfg = Release|Any CPU
		{0F3AEE0D-C64C-4344-BAE6-BE1EF47C1ED5}.Release|Any CPU.Build.0 = Release|Any CPU
		{297BF64D-C164-4D7C-ACCC-1C20EA3C668D}.Debug|Any CPU.ActiveCfg = Debug|Any CPU
		{297BF64D-C164-4D7C-ACCC-1C20EA3C668D}.Debug|Any CPU.Build.0 = Debug|Any CPU
		{297BF64D-C164-4D7C-ACCC-1C20EA3C668D}.Release|Any CPU.ActiveCfg = Release|Any CPU
		{297BF64D-C164-4D7C-ACCC-1C20EA3C668D}.Release|Any CPU.Build.0 = Release|Any CPU
		{D5C8A2F5-7F5D-4D7F-80F1-FB7CDAEF7E6D}.Debug|Any CPU.ActiveCfg = Debug|Any CPU
		{D5C8A2F5-7F5D-4D7F-80F1-FB7CDAEF7E6D}.Debug|Any CPU.Build.0 = Debug|Any CPU
		{D5C8A2F5-7F5D-4D7F-80F1-FB7CDAEF7E6D}.Release|Any CPU.ActiveCfg = Release|Any CPU
		{D5C8A2F5-7F5D-4D7F-80F1-FB7CDAEF7E6D}.Release|Any CPU.Build.0 = Release|Any CPU
		{7779024B-A663-45EF-91B0-5029B4D06C84}.Debug|Any CPU.ActiveCfg = Debug|Any CPU
		{7779024B-A663-45EF-91B0-5029B4D06C84}.Debug|Any CPU.Build.0 = Debug|Any CPU
		{7779024B-A663-45EF-91B0-5029B4D06C84}.Release|Any CPU.ActiveCfg = Release|Any CPU
		{7779024B-A663-45EF-91B0-5029B4D06C84}.Release|Any CPU.Build.0 = Release|Any CPU
		{85B03BE3-7BC9-4CE2-A403-DD64F8F115DF}.Debug|Any CPU.ActiveCfg = Debug|Any CPU
		{85B03BE3-7BC9-4CE2-A403-DD64F8F115DF}.Debug|Any CPU.Build.0 = Debug|Any CPU
		{85B03BE3-7BC9-4CE2-A403-DD64F8F115DF}.Release|Any CPU.ActiveCfg = Release|Any CPU
		{85B03BE3-7BC9-4CE2-A403-DD64F8F115DF}.Release|Any CPU.Build.0 = Release|Any CPU
		{02B5EB6C-11F4-4A26-95BA-060E25FAA8B0}.Debug|Any CPU.ActiveCfg = Debug|Any CPU
		{02B5EB6C-11F4-4A26-95BA-060E25FAA8B0}.Debug|Any CPU.Build.0 = Debug|Any CPU
		{02B5EB6C-11F4-4A26-95BA-060E25FAA8B0}.Release|Any CPU.ActiveCfg = Release|Any CPU
		{02B5EB6C-11F4-4A26-95BA-060E25FAA8B0}.Release|Any CPU.Build.0 = Release|Any CPU
		{1D45372F-A760-43CA-8E6F-6621E4FE2F01}.Debug|Any CPU.ActiveCfg = Debug|Any CPU
		{1D45372F-A760-43CA-8E6F-6621E4FE2F01}.Debug|Any CPU.Build.0 = Debug|Any CPU
		{1D45372F-A760-43CA-8E6F-6621E4FE2F01}.Release|Any CPU.ActiveCfg = Release|Any CPU
		{1D45372F-A760-43CA-8E6F-6621E4FE2F01}.Release|Any CPU.Build.0 = Release|Any CPU
		{8F83130A-B545-41EC-92B2-5379E6F1C233}.Debug|Any CPU.ActiveCfg = Debug|Any CPU
		{8F83130A-B545-41EC-92B2-5379E6F1C233}.Debug|Any CPU.Build.0 = Debug|Any CPU
		{8F83130A-B545-41EC-92B2-5379E6F1C233}.Release|Any CPU.ActiveCfg = Release|Any CPU
		{8F83130A-B545-41EC-92B2-5379E6F1C233}.Release|Any CPU.Build.0 = Release|Any CPU
		{0E366548-FC40-40A3-906D-16EC7E9453FB}.Debug|Any CPU.ActiveCfg = Debug|Any CPU
		{0E366548-FC40-40A3-906D-16EC7E9453FB}.Debug|Any CPU.Build.0 = Debug|Any CPU
		{0E366548-FC40-40A3-906D-16EC7E9453FB}.Release|Any CPU.ActiveCfg = Release|Any CPU
		{0E366548-FC40-40A3-906D-16EC7E9453FB}.Release|Any CPU.Build.0 = Release|Any CPU
	EndGlobalSection
	GlobalSection(SolutionProperties) = preSolution
		HideSolutionNode = FALSE
	EndGlobalSection
	GlobalSection(ExtensibilityGlobals) = postSolution
		SolutionGuid = {5F1A8199-F0FA-487B-882C-2D99D530E808}
	EndGlobalSection
EndGlobal
